<?xml version="1.0" encoding="utf-8"?>
<Project ToolsVersion="4.0" xmlns="http://schemas.microsoft.com/developer/msbuild/2003">
  <ItemGroup>
    <Filter Include="Source Files">
      <UniqueIdentifier>{4FC737F1-C7A5-4376-A066-2A32D752A2FF}</UniqueIdentifier>
      <Extensions>cpp;cxx;c;def</Extensions>
    </Filter>
    <Filter Include="Header Files">
      <UniqueIdentifier>{93995380-89BD-4b04-88EB-625FBE52EBFB}</UniqueIdentifier>
      <Extensions>h</Extensions>
    </Filter>
    <Filter Include="Form Files">
      <UniqueIdentifier>{99349809-55BA-4b9d-BF79-8FDBB0286EB3}</UniqueIdentifier>
      <Extensions>ui</Extensions>
    </Filter>
    <Filter Include="Resource Files">
      <UniqueIdentifier>{D9D6E242-F8AF-46E4-B9FD-80ECBC20BA3E}</UniqueIdentifier>
      <Extensions>qrc;*</Extensions>
      <ParseFiles>false</ParseFiles>
    </Filter>
    <Filter Include="Generated Files">
      <UniqueIdentifier>{71ED8ED8-ACB9-4CE9-BBE1-E00B30144E11}</UniqueIdentifier>
      <Extensions>moc;h;cpp</Extensions>
      <SourceControlFiles>False</SourceControlFiles>
    </Filter>
    <Filter Include="Generated Files\Debug">
      <UniqueIdentifier>{eca7b499-a990-4061-b49a-6ad324a185bb}</UniqueIdentifier>
      <Extensions>cpp;moc</Extensions>
      <SourceControlFiles>False</SourceControlFiles>
    </Filter>
    <Filter Include="Generated Files\Release">
      <UniqueIdentifier>{2ae1a42c-57b7-4e91-bbd3-8112e755f7ba}</UniqueIdentifier>
      <Extensions>cpp;moc</Extensions>
      <SourceControlFiles>False</SourceControlFiles>
    </Filter>
    <Filter Include="Model">
      <UniqueIdentifier>{4d0394f3-3a62-448f-a075-cf12b75f9fdb}</UniqueIdentifier>
    </Filter>
    <Filter Include="View">
      <UniqueIdentifier>{eec8846a-1246-455c-864e-8c5d7e8126bd}</UniqueIdentifier>
    </Filter>
    <Filter Include="NumericStrategy">
      <UniqueIdentifier>{4cfa67b5-85d9-498e-bf08-01b2dabddb28}</UniqueIdentifier>
    </Filter>
    <Filter Include="Support">
      <UniqueIdentifier>{deec2b3c-70a8-422c-9185-a3040e265c1f}</UniqueIdentifier>
    </Filter>
    <Filter Include="Dumpster">
      <UniqueIdentifier>{039ec257-b29f-4150-9a67-a3f7f902e343}</UniqueIdentifier>
    </Filter>
    <Filter Include="View\States">
      <UniqueIdentifier>{2e577d3a-0145-4547-867d-ecee1f6cf168}</UniqueIdentifier>
    </Filter>
    <Filter Include="Control">
      <UniqueIdentifier>{da58e770-ae25-4cd8-9f11-96fb7757147c}</UniqueIdentifier>
    </Filter>
    <Filter Include="View\Graphs">
      <UniqueIdentifier>{abb48f5d-f630-4b1f-a0a8-65510d28c338}</UniqueIdentifier>
    </Filter>
  </ItemGroup>
  <ItemGroup>
    <ClCompile Include="main.cpp">
      <Filter>Source Files</Filter>
    </ClCompile>
    <ClCompile Include="simpleheart.cpp">
      <Filter>Source Files</Filter>
    </ClCompile>
    <ClCompile Include="atrialParameters.cpp">
      <Filter>Source Files</Filter>
    </ClCompile>
    <ClCompile Include="heartDefines.cpp">
      <Filter>Source Files</Filter>
    </ClCompile>
    <ClCompile Include="RandomGenerator.cpp">
      <Filter>Source Files</Filter>
    </ClCompile>
    <ClCompile Include="NumericStrategy\AllexandreStrategy.cpp">
      <Filter>NumericStrategy</Filter>
    </ClCompile>
    <ClCompile Include="NumericStrategy\ForwardEulerStrategy.cpp">
      <Filter>NumericStrategy</Filter>
    </ClCompile>
    <ClCompile Include="NumericStrategy\NumericStrategy.cpp">
      <Filter>NumericStrategy</Filter>
    </ClCompile>
    <ClCompile Include="NumericStrategy\TimestepNode.cpp">
      <Filter>NumericStrategy</Filter>
    </ClCompile>
    <ClCompile Include="NumericStrategy\TimeTree.cpp">
      <Filter>NumericStrategy</Filter>
    </ClCompile>
    <ClCompile Include="Model\CardiacMesh.cpp">
      <Filter>Model</Filter>
    </ClCompile>
    <ClCompile Include="Model\cartesianGrid.cpp">
      <Filter>Model</Filter>
    </ClCompile>
    <ClCompile Include="Model\FitzHughNagumo.cpp">
      <Filter>Model</Filter>
    </ClCompile>
    <ClCompile Include="Model\Oscillator.cpp">
      <Filter>Model</Filter>
    </ClCompile>
    <ClCompile Include="Model\v3model.cpp">
      <Filter>Model</Filter>
    </ClCompile>
    <ClCompile Include="Model\vanDerGru.cpp">
      <Filter>Model</Filter>
    </ClCompile>
    <ClCompile Include="Support\Matrices.cpp">
      <Filter>Support</Filter>
    </ClCompile>
    <ClCompile Include="GeneratedFiles\Debug\moc_AtrialMachine2d.cpp">
      <Filter>Generated Files\Debug</Filter>
    </ClCompile>
    <ClCompile Include="GeneratedFiles\Debug\moc_atrialParameters.cpp">
      <Filter>Generated Files\Debug</Filter>
    </ClCompile>
    <ClCompile Include="GeneratedFiles\Debug\moc_cartesianGrid.cpp">
      <Filter>Generated Files\Debug</Filter>
    </ClCompile>
    <ClCompile Include="GeneratedFiles\Debug\moc_defaultPlot.cpp">
      <Filter>Generated Files\Debug</Filter>
    </ClCompile>
    <ClCompile Include="GeneratedFiles\Debug\moc_FitzHughNagumo.cpp">
      <Filter>Generated Files\Debug</Filter>
    </ClCompile>
    <ClCompile Include="GeneratedFiles\Debug\moc_glAtrium.cpp">
      <Filter>Generated Files\Debug</Filter>
    </ClCompile>
    <ClCompile Include="GeneratedFiles\Debug\moc_ioHandler.cpp">
      <Filter>Generated Files\Debug</Filter>
    </ClCompile>
    <ClCompile Include="GeneratedFiles\Debug\moc_Oscillator.cpp">
      <Filter>Generated Files\Debug</Filter>
    </ClCompile>
    <ClCompile Include="GeneratedFiles\Debug\moc_RRcalculator.cpp">
      <Filter>Generated Files\Debug</Filter>
    </ClCompile>
    <ClCompile Include="GeneratedFiles\Debug\moc_rrPlot.cpp">
      <Filter>Generated Files\Debug</Filter>
    </ClCompile>
    <ClCompile Include="GeneratedFiles\Debug\moc_simpleheart.cpp">
      <Filter>Generated Files\Debug</Filter>
    </ClCompile>
    <ClCompile Include="GeneratedFiles\Debug\moc_timePlot.cpp">
      <Filter>Generated Files\Debug</Filter>
    </ClCompile>
    <ClCompile Include="GeneratedFiles\Debug\moc_v3model.cpp">
      <Filter>Generated Files\Debug</Filter>
    </ClCompile>
    <ClCompile Include="GeneratedFiles\Debug\moc_vanDerGru.cpp">
      <Filter>Generated Files\Debug</Filter>
    </ClCompile>
    <ClCompile Include="GeneratedFiles\Release\moc_atrialParameters.cpp">
      <Filter>Generated Files\Release</Filter>
    </ClCompile>
    <ClCompile Include="GeneratedFiles\Release\moc_cartesianGrid.cpp">
      <Filter>Generated Files\Release</Filter>
    </ClCompile>
    <ClCompile Include="GeneratedFiles\Release\moc_defaultPlot.cpp">
      <Filter>Generated Files\Release</Filter>
    </ClCompile>
    <ClCompile Include="GeneratedFiles\Release\moc_FitzHughNagumo.cpp">
      <Filter>Generated Files\Release</Filter>
    </ClCompile>
    <ClCompile Include="GeneratedFiles\Release\moc_glAtrium.cpp">
      <Filter>Generated Files\Release</Filter>
    </ClCompile>
    <ClCompile Include="GeneratedFiles\Release\moc_ioHandler.cpp">
      <Filter>Generated Files\Release</Filter>
    </ClCompile>
    <ClCompile Include="GeneratedFiles\Release\moc_Oscillator.cpp">
      <Filter>Generated Files\Release</Filter>
    </ClCompile>
    <ClCompile Include="GeneratedFiles\Release\moc_RRcalculator.cpp">
      <Filter>Generated Files\Release</Filter>
    </ClCompile>
    <ClCompile Include="GeneratedFiles\Release\moc_rrPlot.cpp">
      <Filter>Generated Files\Release</Filter>
    </ClCompile>
    <ClCompile Include="GeneratedFiles\Release\moc_simpleheart.cpp">
      <Filter>Generated Files\Release</Filter>
    </ClCompile>
    <ClCompile Include="GeneratedFiles\Release\moc_timePlot.cpp">
      <Filter>Generated Files\Release</Filter>
    </ClCompile>
    <ClCompile Include="GeneratedFiles\Release\moc_v3model.cpp">
      <Filter>Generated Files\Release</Filter>
    </ClCompile>
    <ClCompile Include="GeneratedFiles\Release\moc_vanDerGru.cpp">
      <Filter>Generated Files\Release</Filter>
    </ClCompile>
    <ClCompile Include="GeneratedFiles\Release\moc_AtrialMachine2d.cpp">
      <Filter>Generated Files\Release</Filter>
    </ClCompile>
    <ClCompile Include="GLcamera.cpp">
      <Filter>Dumpster</Filter>
    </ClCompile>
    <ClCompile Include="View\glAtrium.cpp">
      <Filter>View</Filter>
    </ClCompile>
    <ClCompile Include="View\GLfunc.cpp">
      <Filter>View</Filter>
    </ClCompile>
    <ClCompile Include="View\SimViewState.cpp">
      <Filter>View\States</Filter>
    </ClCompile>
    <ClCompile Include="View\SimViewStateStructure.cpp">
      <Filter>View\States</Filter>
    </ClCompile>
    <ClCompile Include="View\SimViewStateView.cpp">
      <Filter>View\States</Filter>
    </ClCompile>
    <ClCompile Include="View\SimViewStateDiffusion.cpp">
      <Filter>View\States</Filter>
    </ClCompile>
    <ClCompile Include="AtrialMachine2d.cpp">
      <Filter>Control</Filter>
    </ClCompile>
    <ClCompile Include="ioHandler.cpp">
      <Filter>Control</Filter>
    </ClCompile>
    <ClCompile Include="rrPlot.cpp">
      <Filter>View\Graphs</Filter>
    </ClCompile>
    <ClCompile Include="timePlot.cpp">
      <Filter>View\Graphs</Filter>
    </ClCompile>
    <ClCompile Include="RRcalculator.cpp">
      <Filter>Control</Filter>
    </ClCompile>
    <ClCompile Include="Probe.cpp">
      <Filter>Dumpster</Filter>
    </ClCompile>
    <ClCompile Include="CurveData.cpp">
      <Filter>View\Graphs</Filter>
    </ClCompile>
    <ClCompile Include="defaultPlot.cpp">
      <Filter>View\Graphs</Filter>
    </ClCompile>
    <ClCompile Include="View\SimViewStateEP.cpp">
      <Filter>View\States</Filter>
    </ClCompile>
    <ClCompile Include="Control\ProbeElectrode.cpp">
      <Filter>Control</Filter>
    </ClCompile>
    <ClCompile Include="GeneratedFiles\Release\moc_ProbeElectrode.cpp">
      <Filter>Generated Files\Release</Filter>
    </ClCompile>
    <ClCompile Include="Control\epStimulator.cpp">
      <Filter>Control</Filter>
    </ClCompile>
    <ClCompile Include="GeneratedFiles\Release\moc_epStimulator.cpp">
      <Filter>Generated Files\Release</Filter>
    </ClCompile>
    <ClCompile Include="GeneratedFiles\Debug\moc_epStimulator.cpp">
      <Filter>Generated Files\Debug</Filter>
    </ClCompile>
  </ItemGroup>
  <ItemGroup>
    <CustomBuild Include="simpleheart.h">
      <Filter>Header Files</Filter>
    </CustomBuild>
    <CustomBuild Include="simpleheart.ui">
      <Filter>Form Files</Filter>
    </CustomBuild>
    <CustomBuild Include="simpleheart.qrc">
      <Filter>Resource Files</Filter>
    </CustomBuild>
    <CustomBuild Include="atrialParameters.h">
      <Filter>Header Files</Filter>
    </CustomBuild>
    <CustomBuild Include="heartDefines.h">
      <Filter>Header Files</Filter>
    </CustomBuild>
    <CustomBuild Include="RandomGenerator.h">
      <Filter>Header Files</Filter>
    </CustomBuild>
    <CustomBuild Include="resource.h">
      <Filter>Header Files</Filter>
    </CustomBuild>
    <CustomBuild Include="atrium.struc">
      <Filter>Resource Files</Filter>
    </CustomBuild>
    <CustomBuild Include="coronarysinus.struc">
      <Filter>Resource Files</Filter>
    </CustomBuild>
    <CustomBuild Include="cylinder.struc">
      <Filter>Resource Files</Filter>
    </CustomBuild>
    <CustomBuild Include="InstrukcjaSimpleHeart.pdf">
      <Filter>Resource Files</Filter>
    </CustomBuild>
    <CustomBuild Include="pacing_recording.struc">
      <Filter>Resource Files</Filter>
    </CustomBuild>
    <CustomBuild Include="parameters.inf">
      <Filter>Resource Files</Filter>
    </CustomBuild>
    <CustomBuild Include="parametersDefault.inf">
      <Filter>Resource Files</Filter>
    </CustomBuild>
    <CustomBuild Include="Resources\darkorange.stylesheet">
      <Filter>Resource Files</Filter>
    </CustomBuild>
    <CustomBuild Include="SimpleHeart.ico">
      <Filter>Resource Files</Filter>
    </CustomBuild>
    <CustomBuild Include="tissueStrip.struc">
      <Filter>Resource Files</Filter>
    </CustomBuild>
    <CustomBuild Include="two_bars.struc">
      <Filter>Resource Files</Filter>
    </CustomBuild>
    <CustomBuild Include="wholeHeart.struc">
      <Filter>Resource Files</Filter>
    </CustomBuild>
    <CustomBuild Include="Model\cartesianGrid.h">
      <Filter>Model</Filter>
    </CustomBuild>
    <CustomBuild Include="Model\FitzHughNagumo.h">
      <Filter>Model</Filter>
    </CustomBuild>
    <CustomBuild Include="Model\Oscillator.h">
      <Filter>Model</Filter>
    </CustomBuild>
    <CustomBuild Include="Model\v3model.h">
      <Filter>Model</Filter>
    </CustomBuild>
    <CustomBuild Include="Model\vanDerGru.h">
      <Filter>Model</Filter>
    </CustomBuild>
    <CustomBuild Include="NumericStrategy\AllexandreStrategy.h">
      <Filter>NumericStrategy</Filter>
    </CustomBuild>
    <CustomBuild Include="NumericStrategy\ForwardEulerStrategy.h">
      <Filter>NumericStrategy</Filter>
    </CustomBuild>
    <CustomBuild Include="NumericStrategy\NumericStrategy.h">
      <Filter>NumericStrategy</Filter>
    </CustomBuild>
    <CustomBuild Include="NumericStrategy\TimestepNode.h">
      <Filter>NumericStrategy</Filter>
    </CustomBuild>
    <CustomBuild Include="NumericStrategy\TimeTree.h">
      <Filter>NumericStrategy</Filter>
    </CustomBuild>
    <CustomBuild Include="AtrialMachine2d.h">
      <Filter>Control</Filter>
    </CustomBuild>
    <CustomBuild Include="ioHandler.h">
      <Filter>Control</Filter>
    </CustomBuild>
    <CustomBuild Include="rrPlot.h">
      <Filter>View\Graphs</Filter>
    </CustomBuild>
    <CustomBuild Include="timePlot.h">
      <Filter>View\Graphs</Filter>
    </CustomBuild>
    <CustomBuild Include="RRcalculator.h">
      <Filter>Control</Filter>
    </CustomBuild>
    <CustomBuild Include="Probe.h">
      <Filter>Dumpster</Filter>
    </CustomBuild>
    <CustomBuild Include="CurveData.h">
      <Filter>View\Graphs</Filter>
    </CustomBuild>
    <CustomBuild Include="defaultPlot.h">
      <Filter>View\Graphs</Filter>
    </CustomBuild>
    <CustomBuild Include="View\glAtrium.h">
      <Filter>View</Filter>
    </CustomBuild>
    <CustomBuild Include="Control\ProbeElectrode.h">
      <Filter>Control</Filter>
    </CustomBuild>
    <CustomBuild Include="Control\epStimulator.h">
      <Filter>Control</Filter>
    </CustomBuild>
  </ItemGroup>
  <ItemGroup>
    <ResourceCompile Include="SimpleHeart.rc" />
  </ItemGroup>
  <ItemGroup>
    <ClInclude Include="Support\Matrices.h">
      <Filter>Support</Filter>
    </ClInclude>
    <ClInclude Include="Support\Vectors.h">
      <Filter>Support</Filter>
    </ClInclude>
    <ClInclude Include="View\GLfunc.h">
      <Filter>View</Filter>
    </ClInclude>
    <ClInclude Include="View\SimViewStateView.h">
      <Filter>View\States</Filter>
    </ClInclude>
    <ClInclude Include="View\SimViewState.h">
      <Filter>View\States</Filter>
    </ClInclude>
    <ClInclude Include="View\SimViewStateStructure.h">
      <Filter>View\States</Filter>
    </ClInclude>
    <ClInclude Include="View\SimViewStateDiffusion.h">
      <Filter>View\States</Filter>
    </ClInclude>
    <ClInclude Include="View\SimViewStateEP.h">
      <Filter>View\States</Filter>
    </ClInclude>
    <ClInclude Include="Model\CardiacMesh.h">
      <Filter>Model</Filter>
    </ClInclude>
  </ItemGroup>
  <ItemGroup>
    <None Include="SimpleHeart.doxyfile">
      <Filter>Resource Files</Filter>
    </None>
  </ItemGroup>
</Project>